// !$*UTF8*$!
{
	archiveVersion = 1;
	classes = {
	};
	objectVersion = 55;
	objects = {

/* Begin PBXBuildFile section */
		5A00484027663BDC00C02952 /* CoreDataWorker.swift in Sources */ = {isa = PBXBuildFile; fileRef = 5A00483F27663BDC00C02952 /* CoreDataWorker.swift */; };
		5A00484227663C2300C02952 /* DataWorker.swift in Sources */ = {isa = PBXBuildFile; fileRef = 5A00484127663C2300C02952 /* DataWorker.swift */; };
		5A004844276643E400C02952 /* ProjectAssembler.swift in Sources */ = {isa = PBXBuildFile; fileRef = 5A004843276643E400C02952 /* ProjectAssembler.swift */; };
		5A1E634F27A04E5000A79E3E /* ImageWorker.swift in Sources */ = {isa = PBXBuildFile; fileRef = 5A1E634E27A04E5000A79E3E /* ImageWorker.swift */; };
		5A1E635127A04E6A00A79E3E /* FileWorker.swift in Sources */ = {isa = PBXBuildFile; fileRef = 5A1E635027A04E6A00A79E3E /* FileWorker.swift */; };
		5A3CB6FB27B95D65008A4401 /* CDMeal+CoreDataClass.swift in Sources */ = {isa = PBXBuildFile; fileRef = 5A3CB6F927B95D65008A4401 /* CDMeal+CoreDataClass.swift */; };
		5A3CB6FC27B95D65008A4401 /* CDMeal+CoreDataProperties.swift in Sources */ = {isa = PBXBuildFile; fileRef = 5A3CB6FA27B95D65008A4401 /* CDMeal+CoreDataProperties.swift */; };
		5A5CA741275CC819003CFAA0 /* AppDelegate.swift in Sources */ = {isa = PBXBuildFile; fileRef = 5A5CA740275CC819003CFAA0 /* AppDelegate.swift */; };
		5A5CA743275CC819003CFAA0 /* SceneDelegate.swift in Sources */ = {isa = PBXBuildFile; fileRef = 5A5CA742275CC819003CFAA0 /* SceneDelegate.swift */; };
		5A5CA745275CC819003CFAA0 /* MainMenueViewController.swift in Sources */ = {isa = PBXBuildFile; fileRef = 5A5CA744275CC819003CFAA0 /* MainMenueViewController.swift */; };
		5A5CA74B275CC819003CFAA0 /* DeliveryApp.xcdatamodeld in Sources */ = {isa = PBXBuildFile; fileRef = 5A5CA749275CC819003CFAA0 /* DeliveryApp.xcdatamodeld */; };
		5A5CA74D275CC81C003CFAA0 /* Assets.xcassets in Resources */ = {isa = PBXBuildFile; fileRef = 5A5CA74C275CC81C003CFAA0 /* Assets.xcassets */; };
		5A5CA750275CC81C003CFAA0 /* LaunchScreen.storyboard in Resources */ = {isa = PBXBuildFile; fileRef = 5A5CA74E275CC81C003CFAA0 /* LaunchScreen.storyboard */; };
		5A5CA758275CE14B003CFAA0 /* PresentMealViewController.swift in Sources */ = {isa = PBXBuildFile; fileRef = 5A5CA757275CE14B003CFAA0 /* PresentMealViewController.swift */; };
		5A5CA75A275CE18F003CFAA0 /* MealModel.swift in Sources */ = {isa = PBXBuildFile; fileRef = 5A5CA759275CE18F003CFAA0 /* MealModel.swift */; };
		5A5CA75C275CE31F003CFAA0 /* CategoryModel.swift in Sources */ = {isa = PBXBuildFile; fileRef = 5A5CA75B275CE31F003CFAA0 /* CategoryModel.swift */; };
		5A5CA762275CE9B0003CFAA0 /* UIView+Ext.swift in Sources */ = {isa = PBXBuildFile; fileRef = 5A5CA761275CE9B0003CFAA0 /* UIView+Ext.swift */; };
		5A5CA766275CF017003CFAA0 /* CategoryCollectionViewCell.swift in Sources */ = {isa = PBXBuildFile; fileRef = 5A5CA765275CF017003CFAA0 /* CategoryCollectionViewCell.swift */; };
		5A5CA768275CF01C003CFAA0 /* MealCollectionViewCell.swift in Sources */ = {isa = PBXBuildFile; fileRef = 5A5CA767275CF01C003CFAA0 /* MealCollectionViewCell.swift */; };
		5A5CA76B275CF773003CFAA0 /* NetworkWorker.swift in Sources */ = {isa = PBXBuildFile; fileRef = 5A5CA76A275CF773003CFAA0 /* NetworkWorker.swift */; };
		5A5CA76D275E307C003CFAA0 /* Enums.swift in Sources */ = {isa = PBXBuildFile; fileRef = 5A5CA76C275E307C003CFAA0 /* Enums.swift */; };
		5A5E369F27BBB82C00C84CE8 /* CartContentTableViewCell.swift in Sources */ = {isa = PBXBuildFile; fileRef = 5A5E369E27BBB82C00C84CE8 /* CartContentTableViewCell.swift */; };
		5A5E36A227BBBF6200C84CE8 /* CDCartContent+CoreDataClass.swift in Sources */ = {isa = PBXBuildFile; fileRef = 5A5E36A027BBBF6200C84CE8 /* CDCartContent+CoreDataClass.swift */; };
		5A5E36A327BBBF6200C84CE8 /* CDCartContent+CoreDataProperties.swift in Sources */ = {isa = PBXBuildFile; fileRef = 5A5E36A127BBBF6200C84CE8 /* CDCartContent+CoreDataProperties.swift */; };
		5A5E36A527BBD9BD00C84CE8 /* CartContentModel.swift in Sources */ = {isa = PBXBuildFile; fileRef = 5A5E36A427BBD9BD00C84CE8 /* CartContentModel.swift */; };
		5AA0069127BD5FFF003DF264 /* EnterPersonalInformationViewController.swift in Sources */ = {isa = PBXBuildFile; fileRef = 5AA0069027BD5FFF003DF264 /* EnterPersonalInformationViewController.swift */; };
		5ABB07AF27A48BCF00A295FA /* CDCategory+CoreDataClass.swift in Sources */ = {isa = PBXBuildFile; fileRef = 5ABB07AB27A48BCF00A295FA /* CDCategory+CoreDataClass.swift */; };
		5ABB07BA27A490B000A295FA /* ModelConverter.swift in Sources */ = {isa = PBXBuildFile; fileRef = 5ABB07B927A490B000A295FA /* ModelConverter.swift */; };
		5ABEF9D92773F09E00352FF9 /* CollectionManager.swift in Sources */ = {isa = PBXBuildFile; fileRef = 5ABEF9D82773F09E00352FF9 /* CollectionManager.swift */; };
		5AC1CCC127BE6ED7000A1BEA /* Protocols.swift in Sources */ = {isa = PBXBuildFile; fileRef = 5AC1CCC027BE6ED7000A1BEA /* Protocols.swift */; };
		5ACB230C276E9FFB00782216 /* JSONWorker.swift in Sources */ = {isa = PBXBuildFile; fileRef = 5ACB230B276E9FFB00782216 /* JSONWorker.swift */; };
		5AE3AFB327983DE400C33980 /* CartViewController.swift in Sources */ = {isa = PBXBuildFile; fileRef = 5AE3AFB227983DE400C33980 /* CartViewController.swift */; };
		5AF58C0A27BA55E700FC186B /* ProfileViewController.swift in Sources */ = {isa = PBXBuildFile; fileRef = 5AF58C0927BA55E700FC186B /* ProfileViewController.swift */; };
		5AFDF9D227B08E280030AEC0 /* CDCategory+CoreDataProperties.swift in Sources */ = {isa = PBXBuildFile; fileRef = 5AFDF9CE27B08E280030AEC0 /* CDCategory+CoreDataProperties.swift */; };
/* End PBXBuildFile section */

/* Begin PBXFileReference section */
		5A00483F27663BDC00C02952 /* CoreDataWorker.swift */ = {isa = PBXFileReference; lastKnownFileType = sourcecode.swift; path = CoreDataWorker.swift; sourceTree = "<group>"; };
		5A00484127663C2300C02952 /* DataWorker.swift */ = {isa = PBXFileReference; lastKnownFileType = sourcecode.swift; path = DataWorker.swift; sourceTree = "<group>"; };
		5A004843276643E400C02952 /* ProjectAssembler.swift */ = {isa = PBXFileReference; lastKnownFileType = sourcecode.swift; path = ProjectAssembler.swift; sourceTree = "<group>"; };
		5A1E634E27A04E5000A79E3E /* ImageWorker.swift */ = {isa = PBXFileReference; lastKnownFileType = sourcecode.swift; path = ImageWorker.swift; sourceTree = "<group>"; };
		5A1E635027A04E6A00A79E3E /* FileWorker.swift */ = {isa = PBXFileReference; lastKnownFileType = sourcecode.swift; path = FileWorker.swift; sourceTree = "<group>"; };
		5A3CB6F927B95D65008A4401 /* CDMeal+CoreDataClass.swift */ = {isa = PBXFileReference; lastKnownFileType = sourcecode.swift; path = "CDMeal+CoreDataClass.swift"; sourceTree = "<group>"; };
		5A3CB6FA27B95D65008A4401 /* CDMeal+CoreDataProperties.swift */ = {isa = PBXFileReference; lastKnownFileType = sourcecode.swift; path = "CDMeal+CoreDataProperties.swift"; sourceTree = "<group>"; };
		5A5CA73D275CC818003CFAA0 /* DeliveryApp.app */ = {isa = PBXFileReference; explicitFileType = wrapper.application; includeInIndex = 0; path = DeliveryApp.app; sourceTree = BUILT_PRODUCTS_DIR; };
		5A5CA740275CC819003CFAA0 /* AppDelegate.swift */ = {isa = PBXFileReference; lastKnownFileType = sourcecode.swift; path = AppDelegate.swift; sourceTree = "<group>"; };
		5A5CA742275CC819003CFAA0 /* SceneDelegate.swift */ = {isa = PBXFileReference; lastKnownFileType = sourcecode.swift; path = SceneDelegate.swift; sourceTree = "<group>"; };
		5A5CA744275CC819003CFAA0 /* MainMenueViewController.swift */ = {isa = PBXFileReference; lastKnownFileType = sourcecode.swift; path = MainMenueViewController.swift; sourceTree = "<group>"; };
		5A5CA74A275CC819003CFAA0 /* DeliveryApp.xcdatamodel */ = {isa = PBXFileReference; lastKnownFileType = wrapper.xcdatamodel; path = DeliveryApp.xcdatamodel; sourceTree = "<group>"; };
		5A5CA74C275CC81C003CFAA0 /* Assets.xcassets */ = {isa = PBXFileReference; lastKnownFileType = folder.assetcatalog; path = Assets.xcassets; sourceTree = "<group>"; };
		5A5CA74F275CC81C003CFAA0 /* Base */ = {isa = PBXFileReference; lastKnownFileType = file.storyboard; name = Base; path = Base.lproj/LaunchScreen.storyboard; sourceTree = "<group>"; };
		5A5CA751275CC81C003CFAA0 /* Info.plist */ = {isa = PBXFileReference; lastKnownFileType = text.plist.xml; path = Info.plist; sourceTree = "<group>"; };
		5A5CA757275CE14B003CFAA0 /* PresentMealViewController.swift */ = {isa = PBXFileReference; lastKnownFileType = sourcecode.swift; path = PresentMealViewController.swift; sourceTree = "<group>"; };
		5A5CA759275CE18F003CFAA0 /* MealModel.swift */ = {isa = PBXFileReference; lastKnownFileType = sourcecode.swift; path = MealModel.swift; sourceTree = "<group>"; };
		5A5CA75B275CE31F003CFAA0 /* CategoryModel.swift */ = {isa = PBXFileReference; lastKnownFileType = sourcecode.swift; path = CategoryModel.swift; sourceTree = "<group>"; };
		5A5CA761275CE9B0003CFAA0 /* UIView+Ext.swift */ = {isa = PBXFileReference; lastKnownFileType = sourcecode.swift; path = "UIView+Ext.swift"; sourceTree = "<group>"; };
		5A5CA765275CF017003CFAA0 /* CategoryCollectionViewCell.swift */ = {isa = PBXFileReference; lastKnownFileType = sourcecode.swift; path = CategoryCollectionViewCell.swift; sourceTree = "<group>"; };
		5A5CA767275CF01C003CFAA0 /* MealCollectionViewCell.swift */ = {isa = PBXFileReference; lastKnownFileType = sourcecode.swift; path = MealCollectionViewCell.swift; sourceTree = "<group>"; };
		5A5CA76A275CF773003CFAA0 /* NetworkWorker.swift */ = {isa = PBXFileReference; lastKnownFileType = sourcecode.swift; path = NetworkWorker.swift; sourceTree = "<group>"; };
		5A5CA76C275E307C003CFAA0 /* Enums.swift */ = {isa = PBXFileReference; lastKnownFileType = sourcecode.swift; path = Enums.swift; sourceTree = "<group>"; };
		5A5E369E27BBB82C00C84CE8 /* CartContentTableViewCell.swift */ = {isa = PBXFileReference; lastKnownFileType = sourcecode.swift; path = CartContentTableViewCell.swift; sourceTree = "<group>"; };
		5A5E36A027BBBF6200C84CE8 /* CDCartContent+CoreDataClass.swift */ = {isa = PBXFileReference; lastKnownFileType = sourcecode.swift; path = "CDCartContent+CoreDataClass.swift"; sourceTree = "<group>"; };
		5A5E36A127BBBF6200C84CE8 /* CDCartContent+CoreDataProperties.swift */ = {isa = PBXFileReference; lastKnownFileType = sourcecode.swift; path = "CDCartContent+CoreDataProperties.swift"; sourceTree = "<group>"; };
		5A5E36A427BBD9BD00C84CE8 /* CartContentModel.swift */ = {isa = PBXFileReference; lastKnownFileType = sourcecode.swift; path = CartContentModel.swift; sourceTree = "<group>"; };
		5AA0069027BD5FFF003DF264 /* EnterPersonalInformationViewController.swift */ = {isa = PBXFileReference; lastKnownFileType = sourcecode.swift; path = EnterPersonalInformationViewController.swift; sourceTree = "<group>"; };
		5ABB07AB27A48BCF00A295FA /* CDCategory+CoreDataClass.swift */ = {isa = PBXFileReference; lastKnownFileType = sourcecode.swift; path = "CDCategory+CoreDataClass.swift"; sourceTree = "<group>"; };
		5ABB07B927A490B000A295FA /* ModelConverter.swift */ = {isa = PBXFileReference; lastKnownFileType = sourcecode.swift; path = ModelConverter.swift; sourceTree = "<group>"; };
		5ABEF9D82773F09E00352FF9 /* CollectionManager.swift */ = {isa = PBXFileReference; lastKnownFileType = sourcecode.swift; path = CollectionManager.swift; sourceTree = "<group>"; };
		5AC1CCC027BE6ED7000A1BEA /* Protocols.swift */ = {isa = PBXFileReference; lastKnownFileType = sourcecode.swift; path = Protocols.swift; sourceTree = "<group>"; };
		5ACB230B276E9FFB00782216 /* JSONWorker.swift */ = {isa = PBXFileReference; lastKnownFileType = sourcecode.swift; path = JSONWorker.swift; sourceTree = "<group>"; };
		5AE3AFB227983DE400C33980 /* CartViewController.swift */ = {isa = PBXFileReference; lastKnownFileType = sourcecode.swift; path = CartViewController.swift; sourceTree = "<group>"; };
		5AF58C0927BA55E700FC186B /* ProfileViewController.swift */ = {isa = PBXFileReference; lastKnownFileType = sourcecode.swift; path = ProfileViewController.swift; sourceTree = "<group>"; };
		5AFDF9CE27B08E280030AEC0 /* CDCategory+CoreDataProperties.swift */ = {isa = PBXFileReference; lastKnownFileType = sourcecode.swift; path = "CDCategory+CoreDataProperties.swift"; sourceTree = "<group>"; };
/* End PBXFileReference section */

/* Begin PBXFrameworksBuildPhase section */
		5A5CA73A275CC818003CFAA0 /* Frameworks */ = {
			isa = PBXFrameworksBuildPhase;
			buildActionMask = 2147483647;
			files = (
			);
			runOnlyForDeploymentPostprocessing = 0;
		};
/* End PBXFrameworksBuildPhase section */

/* Begin PBXGroup section */
		5A4F9CFC279D456F00551C5B /* DataModel */ = {
			isa = PBXGroup;
			children = (
				5A5CA759275CE18F003CFAA0 /* MealModel.swift */,
				5A5E36A427BBD9BD00C84CE8 /* CartContentModel.swift */,
				5A5CA75B275CE31F003CFAA0 /* CategoryModel.swift */,
			);
			path = DataModel;
			sourceTree = "<group>";
		};
		5A5CA734275CC818003CFAA0 = {
			isa = PBXGroup;
			children = (
				5A5CA73F275CC818003CFAA0 /* DeliveryApp */,
				5A5CA73E275CC818003CFAA0 /* Products */,
			);
			sourceTree = "<group>";
		};
		5A5CA73E275CC818003CFAA0 /* Products */ = {
			isa = PBXGroup;
			children = (
				5A5CA73D275CC818003CFAA0 /* DeliveryApp.app */,
			);
			name = Products;
			sourceTree = "<group>";
		};
		5A5CA73F275CC818003CFAA0 /* DeliveryApp */ = {
			isa = PBXGroup;
			children = (
				5A5CA740275CC819003CFAA0 /* AppDelegate.swift */,
				5A5CA742275CC819003CFAA0 /* SceneDelegate.swift */,
				5A004843276643E400C02952 /* ProjectAssembler.swift */,
				5A5CA76C275E307C003CFAA0 /* Enums.swift */,
				5AC1CCC027BE6ED7000A1BEA /* Protocols.swift */,
				5A5CA769275CF75D003CFAA0 /* Workers */,
				5A5CA763275CEFEE003CFAA0 /* Views */,
				5A5CA760275CE99E003CFAA0 /* Extension */,
				5A5CA75F275CE51C003CFAA0 /* Models */,
				5A5CA74C275CC81C003CFAA0 /* Assets.xcassets */,
				5A5CA74E275CC81C003CFAA0 /* LaunchScreen.storyboard */,
				5A5CA751275CC81C003CFAA0 /* Info.plist */,
			);
			path = DeliveryApp;
			sourceTree = "<group>";
		};
		5A5CA75F275CE51C003CFAA0 /* Models */ = {
			isa = PBXGroup;
			children = (
				5A4F9CFC279D456F00551C5B /* DataModel */,
			);
			path = Models;
			sourceTree = "<group>";
		};
		5A5CA760275CE99E003CFAA0 /* Extension */ = {
			isa = PBXGroup;
			children = (
				5A5CA761275CE9B0003CFAA0 /* UIView+Ext.swift */,
			);
			path = Extension;
			sourceTree = "<group>";
		};
		5A5CA763275CEFEE003CFAA0 /* Views */ = {
			isa = PBXGroup;
			children = (
				5A5CA744275CC819003CFAA0 /* MainMenueViewController.swift */,
				5A5CA757275CE14B003CFAA0 /* PresentMealViewController.swift */,
				5AE3AFB227983DE400C33980 /* CartViewController.swift */,
				5AA0069027BD5FFF003DF264 /* EnterPersonalInformationViewController.swift */,
				5AF58C0927BA55E700FC186B /* ProfileViewController.swift */,
				5ABEF9D82773F09E00352FF9 /* CollectionManager.swift */,
				5A5CA764275CEFF8003CFAA0 /* Cells */,
			);
			path = Views;
			sourceTree = "<group>";
		};
		5A5CA764275CEFF8003CFAA0 /* Cells */ = {
			isa = PBXGroup;
			children = (
				5A5CA765275CF017003CFAA0 /* CategoryCollectionViewCell.swift */,
				5A5CA767275CF01C003CFAA0 /* MealCollectionViewCell.swift */,
				5A5E369E27BBB82C00C84CE8 /* CartContentTableViewCell.swift */,
			);
			path = Cells;
			sourceTree = "<group>";
		};
		5A5CA769275CF75D003CFAA0 /* Workers */ = {
			isa = PBXGroup;
			children = (
				5A00484127663C2300C02952 /* DataWorker.swift */,
				5A1E634E27A04E5000A79E3E /* ImageWorker.swift */,
				5A1E635027A04E6A00A79E3E /* FileWorker.swift */,
				5A5CA76A275CF773003CFAA0 /* NetworkWorker.swift */,
				5ACB230B276E9FFB00782216 /* JSONWorker.swift */,
				5A00483F27663BDC00C02952 /* CoreDataWorker.swift */,
				5ABB07B927A490B000A295FA /* ModelConverter.swift */,
				5AE3AFB42798435E00C33980 /* CoreDataItems */,
			);
			path = Workers;
			sourceTree = "<group>";
		};
		5ABB07A527A48B5500A295FA /* CoreDataModels */ = {
			isa = PBXGroup;
			children = (
				5ABB07A627A48B6300A295FA /* CDCartContent */,
				5ABB07A727A48B6C00A295FA /* CDMeal */,
				5ABB07A827A48B7300A295FA /* CDCategory */,
			);
			path = CoreDataModels;
			sourceTree = "<group>";
		};
		5ABB07A627A48B6300A295FA /* CDCartContent */ = {
			isa = PBXGroup;
			children = (
				5A5E36A027BBBF6200C84CE8 /* CDCartContent+CoreDataClass.swift */,
				5A5E36A127BBBF6200C84CE8 /* CDCartContent+CoreDataProperties.swift */,
			);
			path = CDCartContent;
			sourceTree = "<group>";
		};
		5ABB07A727A48B6C00A295FA /* CDMeal */ = {
			isa = PBXGroup;
			children = (
				5A3CB6F927B95D65008A4401 /* CDMeal+CoreDataClass.swift */,
				5A3CB6FA27B95D65008A4401 /* CDMeal+CoreDataProperties.swift */,
			);
			path = CDMeal;
			sourceTree = "<group>";
		};
		5ABB07A827A48B7300A295FA /* CDCategory */ = {
			isa = PBXGroup;
			children = (
				5AFDF9CE27B08E280030AEC0 /* CDCategory+CoreDataProperties.swift */,
				5ABB07AB27A48BCF00A295FA /* CDCategory+CoreDataClass.swift */,
			);
			path = CDCategory;
			sourceTree = "<group>";
		};
		5AE3AFB42798435E00C33980 /* CoreDataItems */ = {
			isa = PBXGroup;
			children = (
				5ABB07A527A48B5500A295FA /* CoreDataModels */,
				5A5CA749275CC819003CFAA0 /* DeliveryApp.xcdatamodeld */,
			);
			path = CoreDataItems;
			sourceTree = "<group>";
		};
/* End PBXGroup section */

/* Begin PBXNativeTarget section */
		5A5CA73C275CC818003CFAA0 /* DeliveryApp */ = {
			isa = PBXNativeTarget;
			buildConfigurationList = 5A5CA754275CC81C003CFAA0 /* Build configuration list for PBXNativeTarget "DeliveryApp" */;
			buildPhases = (
				5A5CA739275CC818003CFAA0 /* Sources */,
				5A5CA73A275CC818003CFAA0 /* Frameworks */,
				5A5CA73B275CC818003CFAA0 /* Resources */,
			);
			buildRules = (
			);
			dependencies = (
			);
			name = DeliveryApp;
			productName = DeliveryApp;
			productReference = 5A5CA73D275CC818003CFAA0 /* DeliveryApp.app */;
			productType = "com.apple.product-type.application";
		};
/* End PBXNativeTarget section */

/* Begin PBXProject section */
		5A5CA735275CC818003CFAA0 /* Project object */ = {
			isa = PBXProject;
			attributes = {
				BuildIndependentTargetsInParallel = 1;
				LastSwiftUpdateCheck = 1310;
				LastUpgradeCheck = 1310;
				TargetAttributes = {
					5A5CA73C275CC818003CFAA0 = {
						CreatedOnToolsVersion = 13.1;
					};
				};
			};
			buildConfigurationList = 5A5CA738275CC818003CFAA0 /* Build configuration list for PBXProject "DeliveryApp" */;
			compatibilityVersion = "Xcode 13.0";
			developmentRegion = en;
			hasScannedForEncodings = 0;
			knownRegions = (
				en,
				Base,
			);
			mainGroup = 5A5CA734275CC818003CFAA0;
			productRefGroup = 5A5CA73E275CC818003CFAA0 /* Products */;
			projectDirPath = "";
			projectRoot = "";
			targets = (
				5A5CA73C275CC818003CFAA0 /* DeliveryApp */,
			);
		};
/* End PBXProject section */

/* Begin PBXResourcesBuildPhase section */
		5A5CA73B275CC818003CFAA0 /* Resources */ = {
			isa = PBXResourcesBuildPhase;
			buildActionMask = 2147483647;
			files = (
				5A5CA750275CC81C003CFAA0 /* LaunchScreen.storyboard in Resources */,
				5A5CA74D275CC81C003CFAA0 /* Assets.xcassets in Resources */,
			);
			runOnlyForDeploymentPostprocessing = 0;
		};
/* End PBXResourcesBuildPhase section */

/* Begin PBXSourcesBuildPhase section */
		5A5CA739275CC818003CFAA0 /* Sources */ = {
			isa = PBXSourcesBuildPhase;
			buildActionMask = 2147483647;
			files = (
				5ABEF9D92773F09E00352FF9 /* CollectionManager.swift in Sources */,
				5A5CA762275CE9B0003CFAA0 /* UIView+Ext.swift in Sources */,
				5ABB07AF27A48BCF00A295FA /* CDCategory+CoreDataClass.swift in Sources */,
				5A5CA768275CF01C003CFAA0 /* MealCollectionViewCell.swift in Sources */,
				5A5CA75A275CE18F003CFAA0 /* MealModel.swift in Sources */,
				5A3CB6FB27B95D65008A4401 /* CDMeal+CoreDataClass.swift in Sources */,
				5A5CA745275CC819003CFAA0 /* MainMenueViewController.swift in Sources */,
				5A5CA74B275CC819003CFAA0 /* DeliveryApp.xcdatamodeld in Sources */,
				5A5CA75C275CE31F003CFAA0 /* CategoryModel.swift in Sources */,
				5A5CA76B275CF773003CFAA0 /* NetworkWorker.swift in Sources */,
				5A5CA766275CF017003CFAA0 /* CategoryCollectionViewCell.swift in Sources */,
				5AA0069127BD5FFF003DF264 /* EnterPersonalInformationViewController.swift in Sources */,
				5A5CA741275CC819003CFAA0 /* AppDelegate.swift in Sources */,
				5A1E634F27A04E5000A79E3E /* ImageWorker.swift in Sources */,
				5A004844276643E400C02952 /* ProjectAssembler.swift in Sources */,
				5AC1CCC127BE6ED7000A1BEA /* Protocols.swift in Sources */,
				5A00484027663BDC00C02952 /* CoreDataWorker.swift in Sources */,
				5A5CA743275CC819003CFAA0 /* SceneDelegate.swift in Sources */,
				5A5E36A327BBBF6200C84CE8 /* CDCartContent+CoreDataProperties.swift in Sources */,
				5A3CB6FC27B95D65008A4401 /* CDMeal+CoreDataProperties.swift in Sources */,
				5A5E369F27BBB82C00C84CE8 /* CartContentTableViewCell.swift in Sources */,
				5AF58C0A27BA55E700FC186B /* ProfileViewController.swift in Sources */,
				5ACB230C276E9FFB00782216 /* JSONWorker.swift in Sources */,
				5A5E36A227BBBF6200C84CE8 /* CDCartContent+CoreDataClass.swift in Sources */,
				5A00484227663C2300C02952 /* DataWorker.swift in Sources */,
				5ABB07BA27A490B000A295FA /* ModelConverter.swift in Sources */,
				5A5CA76D275E307C003CFAA0 /* Enums.swift in Sources */,
				5AFDF9D227B08E280030AEC0 /* CDCategory+CoreDataProperties.swift in Sources */,
				5A5E36A527BBD9BD00C84CE8 /* CartContentModel.swift in Sources */,
				5AE3AFB327983DE400C33980 /* CartViewController.swift in Sources */,
				5A5CA758275CE14B003CFAA0 /* PresentMealViewController.swift in Sources */,
				5A1E635127A04E6A00A79E3E /* FileWorker.swift in Sources */,
			);
			runOnlyForDeploymentPostprocessing = 0;
		};
/* End PBXSourcesBuildPhase section */

/* Begin PBXVariantGroup section */
		5A5CA74E275CC81C003CFAA0 /* LaunchScreen.storyboard */ = {
			isa = PBXVariantGroup;
			children = (
				5A5CA74F275CC81C003CFAA0 /* Base */,
			);
			name = LaunchScreen.storyboard;
			sourceTree = "<group>";
		};
/* End PBXVariantGroup section */

/* Begin XCBuildConfiguration section */
		5A5CA752275CC81C003CFAA0 /* Debug */ = {
			isa = XCBuildConfiguration;
			buildSettings = {
				ALWAYS_SEARCH_USER_PATHS = NO;
				CLANG_ANALYZER_NONNULL = YES;
				CLANG_ANALYZER_NUMBER_OBJECT_CONVERSION = YES_AGGRESSIVE;
				CLANG_CXX_LANGUAGE_STANDARD = "gnu++17";
				CLANG_CXX_LIBRARY = "libc++";
				CLANG_ENABLE_MODULES = YES;
				CLANG_ENABLE_OBJC_ARC = YES;
				CLANG_ENABLE_OBJC_WEAK = YES;
				CLANG_WARN_BLOCK_CAPTURE_AUTORELEASING = YES;
				CLANG_WARN_BOOL_CONVERSION = YES;
				CLANG_WARN_COMMA = YES;
				CLANG_WARN_CONSTANT_CONVERSION = YES;
				CLANG_WARN_DEPRECATED_OBJC_IMPLEMENTATIONS = YES;
				CLANG_WARN_DIRECT_OBJC_ISA_USAGE = YES_ERROR;
				CLANG_WARN_DOCUMENTATION_COMMENTS = YES;
				CLANG_WARN_EMPTY_BODY = YES;
				CLANG_WARN_ENUM_CONVERSION = YES;
				CLANG_WARN_INFINITE_RECURSION = YES;
				CLANG_WARN_INT_CONVERSION = YES;
				CLANG_WARN_NON_LITERAL_NULL_CONVERSION = YES;
				CLANG_WARN_OBJC_IMPLICIT_RETAIN_SELF = YES;
				CLANG_WARN_OBJC_LITERAL_CONVERSION = YES;
				CLANG_WARN_OBJC_ROOT_CLASS = YES_ERROR;
				CLANG_WARN_QUOTED_INCLUDE_IN_FRAMEWORK_HEADER = YES;
				CLANG_WARN_RANGE_LOOP_ANALYSIS = YES;
				CLANG_WARN_STRICT_PROTOTYPES = YES;
				CLANG_WARN_SUSPICIOUS_MOVE = YES;
				CLANG_WARN_UNGUARDED_AVAILABILITY = YES_AGGRESSIVE;
				CLANG_WARN_UNREACHABLE_CODE = YES;
				CLANG_WARN__DUPLICATE_METHOD_MATCH = YES;
				COPY_PHASE_STRIP = NO;
				DEBUG_INFORMATION_FORMAT = dwarf;
				ENABLE_STRICT_OBJC_MSGSEND = YES;
				ENABLE_TESTABILITY = YES;
				GCC_C_LANGUAGE_STANDARD = gnu11;
				GCC_DYNAMIC_NO_PIC = NO;
				GCC_NO_COMMON_BLOCKS = YES;
				GCC_OPTIMIZATION_LEVEL = 0;
				GCC_PREPROCESSOR_DEFINITIONS = (
					"DEBUG=1",
					"$(inherited)",
				);
				GCC_WARN_64_TO_32_BIT_CONVERSION = YES;
				GCC_WARN_ABOUT_RETURN_TYPE = YES_ERROR;
				GCC_WARN_UNDECLARED_SELECTOR = YES;
				GCC_WARN_UNINITIALIZED_AUTOS = YES_AGGRESSIVE;
				GCC_WARN_UNUSED_FUNCTION = YES;
				GCC_WARN_UNUSED_VARIABLE = YES;
				IPHONEOS_DEPLOYMENT_TARGET = 15.0;
				MTL_ENABLE_DEBUG_INFO = INCLUDE_SOURCE;
				MTL_FAST_MATH = YES;
				ONLY_ACTIVE_ARCH = YES;
				SDKROOT = iphoneos;
				SWIFT_ACTIVE_COMPILATION_CONDITIONS = DEBUG;
				SWIFT_OPTIMIZATION_LEVEL = "-Onone";
			};
			name = Debug;
		};
		5A5CA753275CC81C003CFAA0 /* Release */ = {
			isa = XCBuildConfiguration;
			buildSettings = {
				ALWAYS_SEARCH_USER_PATHS = NO;
				CLANG_ANALYZER_NONNULL = YES;
				CLANG_ANALYZER_NUMBER_OBJECT_CONVERSION = YES_AGGRESSIVE;
				CLANG_CXX_LANGUAGE_STANDARD = "gnu++17";
				CLANG_CXX_LIBRARY = "libc++";
				CLANG_ENABLE_MODULES = YES;
				CLANG_ENABLE_OBJC_ARC = YES;
				CLANG_ENABLE_OBJC_WEAK = YES;
				CLANG_WARN_BLOCK_CAPTURE_AUTORELEASING = YES;
				CLANG_WARN_BOOL_CONVERSION = YES;
				CLANG_WARN_COMMA = YES;
				CLANG_WARN_CONSTANT_CONVERSION = YES;
				CLANG_WARN_DEPRECATED_OBJC_IMPLEMENTATIONS = YES;
				CLANG_WARN_DIRECT_OBJC_ISA_USAGE = YES_ERROR;
				CLANG_WARN_DOCUMENTATION_COMMENTS = YES;
				CLANG_WARN_EMPTY_BODY = YES;
				CLANG_WARN_ENUM_CONVERSION = YES;
				CLANG_WARN_INFINITE_RECURSION = YES;
				CLANG_WARN_INT_CONVERSION = YES;
				CLANG_WARN_NON_LITERAL_NULL_CONVERSION = YES;
				CLANG_WARN_OBJC_IMPLICIT_RETAIN_SELF = YES;
				CLANG_WARN_OBJC_LITERAL_CONVERSION = YES;
				CLANG_WARN_OBJC_ROOT_CLASS = YES_ERROR;
				CLANG_WARN_QUOTED_INCLUDE_IN_FRAMEWORK_HEADER = YES;
				CLANG_WARN_RANGE_LOOP_ANALYSIS = YES;
				CLANG_WARN_STRICT_PROTOTYPES = YES;
				CLANG_WARN_SUSPICIOUS_MOVE = YES;
				CLANG_WARN_UNGUARDED_AVAILABILITY = YES_AGGRESSIVE;
				CLANG_WARN_UNREACHABLE_CODE = YES;
				CLANG_WARN__DUPLICATE_METHOD_MATCH = YES;
				COPY_PHASE_STRIP = NO;
				DEBUG_INFORMATION_FORMAT = "dwarf-with-dsym";
				ENABLE_NS_ASSERTIONS = NO;
				ENABLE_STRICT_OBJC_MSGSEND = YES;
				GCC_C_LANGUAGE_STANDARD = gnu11;
				GCC_NO_COMMON_BLOCKS = YES;
				GCC_WARN_64_TO_32_BIT_CONVERSION = YES;
				GCC_WARN_ABOUT_RETURN_TYPE = YES_ERROR;
				GCC_WARN_UNDECLARED_SELECTOR = YES;
				GCC_WARN_UNINITIALIZED_AUTOS = YES_AGGRESSIVE;
				GCC_WARN_UNUSED_FUNCTION = YES;
				GCC_WARN_UNUSED_VARIABLE = YES;
				IPHONEOS_DEPLOYMENT_TARGET = 15.0;
				MTL_ENABLE_DEBUG_INFO = NO;
				MTL_FAST_MATH = YES;
				SDKROOT = iphoneos;
				SWIFT_COMPILATION_MODE = wholemodule;
				SWIFT_OPTIMIZATION_LEVEL = "-O";
				VALIDATE_PRODUCT = YES;
			};
			name = Release;
		};
		5A5CA755275CC81C003CFAA0 /* Debug */ = {
			isa = XCBuildConfiguration;
			buildSettings = {
				ASSETCATALOG_COMPILER_APPICON_NAME = AppIcon;
				ASSETCATALOG_COMPILER_GLOBAL_ACCENT_COLOR_NAME = AccentColor;
				CODE_SIGN_STYLE = Automatic;
				CURRENT_PROJECT_VERSION = 1;
				GENERATE_INFOPLIST_FILE = YES;
				INFOPLIST_FILE = DeliveryApp/Info.plist;
				INFOPLIST_KEY_UIApplicationSupportsIndirectInputEvents = YES;
				INFOPLIST_KEY_UILaunchStoryboardName = LaunchScreen;
				INFOPLIST_KEY_UISupportedInterfaceOrientations = UIInterfaceOrientationPortrait;
				INFOPLIST_KEY_UISupportedInterfaceOrientations_iPad = "UIInterfaceOrientationPortrait UIInterfaceOrientationPortraitUpsideDown UIInterfaceOrientationLandscapeLeft UIInterfaceOrientationLandscapeRight";
				INFOPLIST_KEY_UISupportedInterfaceOrientations_iPhone = "UIInterfaceOrientationPortrait UIInterfaceOrientationLandscapeLeft UIInterfaceOrientationLandscapeRight";
				IPHONEOS_DEPLOYMENT_TARGET = 14.0;
				LD_RUNPATH_SEARCH_PATHS = (
					"$(inherited)",
					"@executable_path/Frameworks",
				);
				MARKETING_VERSION = 1.0;
				PRODUCT_BUNDLE_IDENTIFIER = sdk.DeliveryApp;
				PRODUCT_NAME = "$(TARGET_NAME)";
				SWIFT_EMIT_LOC_STRINGS = YES;
				SWIFT_VERSION = 5.0;
				TARGETED_DEVICE_FAMILY = 1;
			};
			name = Debug;
		};
		5A5CA756275CC81C003CFAA0 /* Release */ = {
			isa = XCBuildConfiguration;
			buildSettings = {
				ASSETCATALOG_COMPILER_APPICON_NAME = AppIcon;
				ASSETCATALOG_COMPILER_GLOBAL_ACCENT_COLOR_NAME = AccentColor;
				CODE_SIGN_STYLE = Automatic;
				CURRENT_PROJECT_VERSION = 1;
				GENERATE_INFOPLIST_FILE = YES;
				INFOPLIST_FILE = DeliveryApp/Info.plist;
				INFOPLIST_KEY_UIApplicationSupportsIndirectInputEvents = YES;
				INFOPLIST_KEY_UILaunchStoryboardName = LaunchScreen;
				INFOPLIST_KEY_UISupportedInterfaceOrientations = UIInterfaceOrientationPortrait;
				INFOPLIST_KEY_UISupportedInterfaceOrientations_iPad = "UIInterfaceOrientationPortrait UIInterfaceOrientationPortraitUpsideDown UIInterfaceOrientationLandscapeLeft UIInterfaceOrientationLandscapeRight";
				INFOPLIST_KEY_UISupportedInterfaceOrientations_iPhone = "UIInterfaceOrientationPortrait UIInterfaceOrientationLandscapeLeft UIInterfaceOrientationLandscapeRight";
				IPHONEOS_DEPLOYMENT_TARGET = 14.0;
				LD_RUNPATH_SEARCH_PATHS = (
					"$(inherited)",
					"@executable_path/Frameworks",
				);
				MARKETING_VERSION = 1.0;
				PRODUCT_BUNDLE_IDENTIFIER = sdk.DeliveryApp;
				PRODUCT_NAME = "$(TARGET_NAME)";
				SWIFT_EMIT_LOC_STRINGS = YES;
				SWIFT_VERSION = 5.0;
				TARGETED_DEVICE_FAMILY = 1;
			};
			name = Release;
		};
/* End XCBuildConfiguration section */

/* Begin XCConfigurationList section */
		5A5CA738275CC818003CFAA0 /* Build configuration list for PBXProject "DeliveryApp" */ = {
			isa = XCConfigurationList;
			buildConfigurations = (
				5A5CA752275CC81C003CFAA0 /* Debug */,
				5A5CA753275CC81C003CFAA0 /* Release */,
			);
			defaultConfigurationIsVisible = 0;
			defaultConfigurationName = Release;
		};
		5A5CA754275CC81C003CFAA0 /* Build configuration list for PBXNativeTarget "DeliveryApp" */ = {
			isa = XCConfigurationList;
			buildConfigurations = (
				5A5CA755275CC81C003CFAA0 /* Debug */,
				5A5CA756275CC81C003CFAA0 /* Release */,
			);
			defaultConfigurationIsVisible = 0;
			defaultConfigurationName = Release;
		};
/* End XCConfigurationList section */

/* Begin XCVersionGroup section */
		5A5CA749275CC819003CFAA0 /* DeliveryApp.xcdatamodeld */ = {
			isa = XCVersionGroup;
			children = (
				5A5CA74A275CC819003CFAA0 /* DeliveryApp.xcdatamodel */,
			);
			currentVersion = 5A5CA74A275CC819003CFAA0 /* DeliveryApp.xcdatamodel */;
			path = DeliveryApp.xcdatamodeld;
			sourceTree = "<group>";
			versionGroupType = wrapper.xcdatamodel;
		};
/* End XCVersionGroup section */
	};
	rootObject = 5A5CA735275CC818003CFAA0 /* Project object */;
}
